
Microsoft Visual Studio Solution File, Format Version 12.00
# Visual Studio 14
VisualStudioVersion = 14.0.25123.0
MinimumVisualStudioVersion = 10.0.40219.1
Project("{00D1A9C2-B5F0-4AF3-8072-F6C62B433612}") = "CITestDatabase", "CITestDatabase\CITestDatabase.sqlproj", "{591E2BAF-AFA2-43E9-B3AE-5BE88FF45153}"
EndProject
Project("{FAE04EC0-301F-11D3-BF4B-00C04F79EFBC}") = "CITestDeploymentContributor", "CITestDeploymentContributor\CITestDeploymentContributor.csproj", "{F8CA324F-02FD-4E29-849F-F4E0FB5EB8D5}"
EndProject
Global
	GlobalSection(SolutionConfigurationPlatforms) = preSolution
		Debug|Any CPU = Debug|Any CPU
		Release|Any CPU = Release|Any CPU
	EndGlobalSection
	GlobalSection(ProjectConfigurationPlatforms) = postSolution
		{591E2BAF-AFA2-43E9-B3AE-5BE88FF45153}.Debug|Any CPU.ActiveCfg = Debug|Any CPU
		{591E2BAF-AFA2-43E9-B3AE-5BE88FF45153}.Debug|Any CPU.Build.0 = Debug|Any CPU
		{591E2BAF-AFA2-43E9-B3AE-5BE88FF45153}.Debug|Any CPU.Deploy.0 = Debug|Any CPU
		{591E2BAF-AFA2-43E9-B3AE-5BE88FF45153}.Release|Any CPU.ActiveCfg = Release|Any CPU
		{591E2BAF-AFA2-43E9-B3AE-5BE88FF45153}.Release|Any CPU.Build.0 = Release|Any CPU
		{591E2BAF-AFA2-43E9-B3AE-5BE88FF45153}.Release|Any CPU.Deploy.0 = Release|Any CPU
		{F8CA324F-02FD-4E29-849F-F4E0FB5EB8D5}.Debug|Any CPU.ActiveCfg = Debug|Any CPU
		{F8CA324F-02FD-4E29-849F-F4E0FB5EB8D5}.Debug|Any CPU.Build.0 = Debug|Any CPU
		{F8CA324F-02FD-4E29-849F-F4E0FB5EB8D5}.Release|Any CPU.ActiveCfg = Release|Any CPU
		{F8CA324F-02FD-4E29-849F-F4E0FB5EB8D5}.Release|Any CPU.Build.0 = Release|Any CPU
	EndGlobalSection
	GlobalSection(SolutionProperties) = preSolution
		HideSolutionNode = FALSE
	EndGlobalSection
EndGlobal
